// !$*UTF8*$!
{
	archiveVersion = 1;
	classes = {
	};
	objectVersion = 46;
	objects = {

/* Begin PBXBuildFile section */
		920384601D36F89400E90723 /* AppDelegate.swift in Sources */ = {isa = PBXBuildFile; fileRef = 9203845F1D36F89400E90723 /* AppDelegate.swift */; };
		920384621D36F89400E90723 /* ViewController.swift in Sources */ = {isa = PBXBuildFile; fileRef = 920384611D36F89400E90723 /* ViewController.swift */; };
		920384651D36F89400E90723 /* Main.storyboard in Resources */ = {isa = PBXBuildFile; fileRef = 920384631D36F89400E90723 /* Main.storyboard */; };
		920384671D36F89400E90723 /* Assets.xcassets in Resources */ = {isa = PBXBuildFile; fileRef = 920384661D36F89400E90723 /* Assets.xcassets */; };
		9203846A1D36F89400E90723 /* LaunchScreen.storyboard in Resources */ = {isa = PBXBuildFile; fileRef = 920384681D36F89400E90723 /* LaunchScreen.storyboard */; };
		920384721D37032F00E90723 /* Minecraft.ttf in Resources */ = {isa = PBXBuildFile; fileRef = 920384711D37032F00E90723 /* Minecraft.ttf */; };
		92AE92811D3712F100DCFF54 /* btn.wav in Resources */ = {isa = PBXBuildFile; fileRef = 92AE92801D3712F100DCFF54 /* btn.wav */; };
/* End PBXBuildFile section */

/* Begin PBXFileReference section */
		9203845C1D36F89400E90723 /* retro-calculator.app */ = {isa = PBXFileReference; explicitFileType = wrapper.application; includeInIndex = 0; path = "retro-calculator.app"; sourceTree = BUILT_PRODUCTS_DIR; };
		9203845F1D36F89400E90723 /* AppDelegate.swift */ = {isa = PBXFileReference; lastKnownFileType = sourcecode.swift; path = AppDelegate.swift; sourceTree = "<group>"; };
		920384611D36F89400E90723 /* ViewController.swift */ = {isa = PBXFileReference; lastKnownFileType = sourcecode.swift; path = ViewController.swift; sourceTree = "<group>"; };
		920384641D36F89400E90723 /* Base */ = {isa = PBXFileReference; lastKnownFileType = file.storyboard; name = Base; path = Base.lproj/Main.storyboard; sourceTree = "<group>"; };
		920384661D36F89400E90723 /* Assets.xcassets */ = {isa = PBXFileReference; lastKnownFileType = folder.assetcatalog; path = Assets.xcassets; sourceTree = "<group>"; };
		920384691D36F89400E90723 /* Base */ = {isa = PBXFileReference; lastKnownFileType = file.storyboard; name = Base; path = Base.lproj/LaunchScreen.storyboard; sourceTree = "<group>"; };
		9203846B1D36F89400E90723 /* Info.plist */ = {isa = PBXFileReference; lastKnownFileType = text.plist.xml; path = Info.plist; sourceTree = "<group>"; };
		920384711D37032F00E90723 /* Minecraft.ttf */ = {isa = PBXFileReference; lastKnownFileType = file; path = Minecraft.ttf; sourceTree = "<group>"; };
		92AE92801D3712F100DCFF54 /* btn.wav */ = {isa = PBXFileReference; lastKnownFileType = audio.wav; path = btn.wav; sourceTree = "<group>"; };
/* End PBXFileReference section */

/* Begin PBXFrameworksBuildPhase section */
		920384591D36F89400E90723 /* Frameworks */ = {
			isa = PBXFrameworksBuildPhase;
			buildActionMask = 2147483647;
			files = (
			);
			runOnlyForDeploymentPostprocessing = 0;
		};
/* End PBXFrameworksBuildPhase section */

/* Begin PBXGroup section */
		920384531D36F89400E90723 = {
			isa = PBXGroup;
			children = (
				9203845E1D36F89400E90723 /* retro-calculator */,
				9203845D1D36F89400E90723 /* Products */,
			);
			sourceTree = "<group>";
		};
		9203845D1D36F89400E90723 /* Products */ = {
			isa = PBXGroup;
			children = (
				9203845C1D36F89400E90723 /* retro-calculator.app */,
			);
			name = Products;
			sourceTree = "<group>";
		};
		9203845E1D36F89400E90723 /* retro-calculator */ = {
			isa = PBXGroup;
			children = (
				920384711D37032F00E90723 /* Minecraft.ttf */,
				92AE92801D3712F100DCFF54 /* btn.wav */,
				9203845F1D36F89400E90723 /* AppDelegate.swift */,
				920384611D36F89400E90723 /* ViewController.swift */,
				920384631D36F89400E90723 /* Main.storyboard */,
				920384661D36F89400E90723 /* Assets.xcassets */,
				920384681D36F89400E90723 /* LaunchScreen.storyboard */,
				9203846B1D36F89400E90723 /* Info.plist */,
			);
			path = "retro-calculator";
			sourceTree = "<group>";
		};
/* End PBXGroup section */

/* Begin PBXNativeTarget section */
		9203845B1D36F89400E90723 /* retro-calculator */ = {
			isa = PBXNativeTarget;
			buildConfigurationList = 9203846E1D36F89400E90723 /* Build configuration list for PBXNativeTarget "retro-calculator" */;
			buildPhases = (
				920384581D36F89400E90723 /* Sources */,
				920384591D36F89400E90723 /* Frameworks */,
				9203845A1D36F89400E90723 /* Resources */,
			);
			buildRules = (
			);
			dependencies = (
			);
			name = "retro-calculator";
			productName = "retro-calculator";
			productReference = 9203845C1D36F89400E90723 /* retro-calculator.app */;
			productType = "com.apple.product-type.application";
		};
/* End PBXNativeTarget section */

/* Begin PBXProject section */
		920384541D36F89400E90723 /* Project object */ = {
			isa = PBXProject;
			attributes = {
				LastSwiftUpdateCheck = 0730;
				LastUpgradeCheck = 0730;
				ORGANIZATIONNAME = "Anthony Whitaker";
				TargetAttributes = {
					9203845B1D36F89400E90723 = {
						CreatedOnToolsVersion = 7.3.1;
						DevelopmentTeam = VL7RZNELL8;
					};
				};
			};
			buildConfigurationList = 920384571D36F89400E90723 /* Build configuration list for PBXProject "retro-calculator" */;
			compatibilityVersion = "Xcode 3.2";
			developmentRegion = English;
			hasScannedForEncodings = 0;
			knownRegions = (
				en,
				Base,
			);
			mainGroup = 920384531D36F89400E90723;
			productRefGroup = 9203845D1D36F89400E90723 /* Products */;
			projectDirPath = "";
			projectRoot = "";
			targets = (
				9203845B1D36F89400E90723 /* retro-calculator */,
			);
		};
/* End PBXProject section */

/* Begin PBXResourcesBuildPhase section */
		9203845A1D36F89400E90723 /* Resources */ = {
			isa = PBXResourcesBuildPhase;
			buildActionMask = 2147483647;
			files = (
				92AE92811D3712F100DCFF54 /* btn.wav in Resources */,
				9203846A1D36F89400E90723 /* LaunchScreen.storyboard in Resources */,
				920384671D36F89400E90723 /* Assets.xcassets in Resources */,
				920384721D37032F00E90723 /* Minecraft.ttf in Resources */,
				920384651D36F89400E90723 /* Main.storyboard in Resources */,
			);
			runOnlyForDeploymentPostprocessing = 0;
		};
/* End PBXResourcesBuildPhase section */

/* Begin PBXSourcesBuildPhase section */
		920384581D36F89400E90723 /* Sources */ = {
			isa = PBXSourcesBuildPhase;
			buildActionMask = 2147483647;
			files = (
				920384621D36F89400E90723 /* ViewController.swift in Sources */,
				920384601D36F89400E90723 /* AppDelegate.swift in Sources */,
			);
			runOnlyForDeploymentPostprocessing = 0;
		};
/* End PBXSourcesBuildPhase section */

/* Begin PBXVariantGroup section */
		920384631D36F89400E90723 /* Main.storyboard */ = {
			isa = PBXVariantGroup;
			children = (
				920384641D36F89400E90723 /* Base */,
			);
			name = Main.storyboard;
			sourceTree = "<group>";
		};
		920384681D36F89400E90723 /* LaunchScreen.storyboard */ = {
			isa = PBXVariantGroup;
			children = (
				920384691D36F89400E90723 /* Base */,
			);
			name = LaunchScreen.storyboard;
			sourceTree = "<group>";
		};
/* End PBXVariantGroup section */

/* Begin XCBuildConfiguration section */
		9203846C1D36F89400E90723 /* Debug */ = {
			isa = XCBuildConfiguration;
			buildSettings = {
				ALWAYS_SEARCH_USER_PATHS = NO;
				CLANG_ANALYZER_NONNULL = YES;
				CLANG_CXX_LANGUAGE_STANDARD = "gnu++0x";
				CLANG_CXX_LIBRARY = "libc++";
				CLANG_ENABLE_MODULES = YES;
				CLANG_ENABLE_OBJC_ARC = YES;
				CLANG_WARN_BOOL_CONVERSION = YES;
				CLANG_WARN_CONSTANT_CONVERSION = YES;
				CLANG_WARN_DIRECT_OBJC_ISA_USAGE = YES_ERROR;
				CLANG_WARN_EMPTY_BODY = YES;
				CLANG_WARN_ENUM_CONVERSION = YES;
				CLANG_WARN_INT_CONVERSION = YES;
				CLANG_WARN_OBJC_ROOT_CLASS = YES_ERROR;
				CLANG_WARN_UNREACHABLE_CODE = YES;
				CLANG_WARN__DUPLICATE_METHOD_MATCH = YES;
				"CODE_SIGN_IDENTITY[sdk=iphoneos*]" = "iPhone Developer";
				COPY_PHASE_STRIP = NO;
				DEBUG_INFORMATION_FORMAT = dwarf;
				ENABLE_STRICT_OBJC_MSGSEND = YES;
				ENABLE_TESTABILITY = YES;
				GCC_C_LANGUAGE_STANDARD = gnu99;
				GCC_DYNAMIC_NO_PIC = NO;
				GCC_NO_COMMON_BLOCKS = YES;
				GCC_OPTIMIZATION_LEVEL = 0;
				GCC_PREPROCESSOR_DEFINITIONS = (
					"DEBUG=1",
					"$(inherited)",
				);
				GCC_WARN_64_TO_32_BIT_CONVERSION = YES;
				GCC_WARN_ABOUT_RETURN_TYPE = YES_ERROR;
				GCC_WARN_UNDECLARED_SELECTOR = YES;
				GCC_WARN_UNINITIALIZED_AUTOS = YES_AGGRESSIVE;
				GCC_WARN_UNUSED_FUNCTION = YES;
				GCC_WARN_UNUSED_VARIABLE = YES;
				IPHONEOS_DEPLOYMENT_TARGET = 9.3;
				MTL_ENABLE_DEBUG_INFO = YES;
				ONLY_ACTIVE_ARCH = YES;
				SDKROOT = iphoneos;
				SWIFT_OPTIMIZATION_LEVEL = "-Onone";
			};
			name = Debug;
		};
		9203846D1D36F89400E90723 /* Release */ = {
			isa = XCBuildConfiguration;
			buildSettings = {
				ALWAYS_SEARCH_USER_PATHS = NO;
				CLANG_ANALYZER_NONNULL = YES;
				CLANG_CXX_LANGUAGE_STANDARD = "gnu++0x";
				CLANG_CXX_LIBRARY = "libc++";
				CLANG_ENABLE_MODULES = YES;
				CLANG_ENABLE_OBJC_ARC = YES;
				CLANG_WARN_BOOL_CONVERSION = YES;
				CLANG_WARN_CONSTANT_CONVERSION = YES;
				CLANG_WARN_DIRECT_OBJC_ISA_USAGE = YES_ERROR;
				CLANG_WARN_EMPTY_BODY = YES;
				CLANG_WARN_ENUM_CONVERSION = YES;
				CLANG_WARN_INT_CONVERSION = YES;
				CLANG_WARN_OBJC_ROOT_CLASS = YES_ERROR;
				CLANG_WARN_UNREACHABLE_CODE = YES;
				CLANG_WARN__DUPLICATE_METHOD_MATCH = YES;
				"CODE_SIGN_IDENTITY[sdk=iphoneos*]" = "iPhone Developer";
				COPY_PHASE_STRIP = NO;
				DEBUG_INFORMATION_FORMAT = "dwarf-with-dsym";
				ENABLE_NS_ASSERTIONS = NO;
				ENABLE_STRICT_OBJC_MSGSEND = YES;
				GCC_C_LANGUAGE_STANDARD = gnu99;
				GCC_NO_COMMON_BLOCKS = YES;
				GCC_WARN_64_TO_32_BIT_CONVERSION = YES;
				GCC_WARN_ABOUT_RETURN_TYPE = YES_ERROR;
				GCC_WARN_UNDECLARED_SELECTOR = YES;
				GCC_WARN_UNINITIALIZED_AUTOS = YES_AGGRESSIVE;
				GCC_WARN_UNUSED_FUNCTION = YES;
				GCC_WARN_UNUSED_VARIABLE = YES;
				IPHONEOS_DEPLOYMENT_TARGET = 9.3;
				MTL_ENABLE_DEBUG_INFO = NO;
				SDKROOT = iphoneos;
				VALIDATE_PRODUCT = YES;
			};
			name = Release;
		};
		9203846F1D36F89400E90723 /* Debug */ = {
			isa = XCBuildConfiguration;
			buildSettings = {
				ASSETCATALOG_COMPILER_APPICON_NAME = AppIcon;
				INFOPLIST_FILE = "retro-calculator/Info.plist";
				LD_RUNPATH_SEARCH_PATHS = "$(inherited) @executable_path/Frameworks";
				PRODUCT_BUNDLE_IDENTIFIER = "Whitaker.Anthony.retro-calculator";
				PRODUCT_NAME = "$(TARGET_NAME)";
			};
			name = Debug;
		};
		920384701D36F89400E90723 /* Release */ = {
			isa = XCBuildConfiguration;
			buildSettings = {
				ASSETCATALOG_COMPILER_APPICON_NAME = AppIcon;
				INFOPLIST_FILE = "retro-calculator/Info.plist";
				LD_RUNPATH_SEARCH_PATHS = "$(inherited) @executable_path/Frameworks";
				PRODUCT_BUNDLE_IDENTIFIER = "Whitaker.Anthony.retro-calculator";
				PRODUCT_NAME = "$(TARGET_NAME)";
			};
			name = Release;
		};
/* End XCBuildConfiguration section */

/* Begin XCConfigurationList section */
		920384571D36F89400E90723 /* Build configuration list for PBXProject "retro-calculator" */ = {
			isa = XCConfigurationList;
			buildConfigurations = (
				9203846C1D36F89400E90723 /* Debug */,
				9203846D1D36F89400E90723 /* Release */,
			);
			defaultConfigurationIsVisible = 0;
			defaultConfigurationName = Release;
		};
		9203846E1D36F89400E90723 /* Build configuration list for PBXNativeTarget "retro-calculator" */ = {
			isa = XCConfigurationList;
			buildConfigurations = (
				9203846F1D36F89400E90723 /* Debug */,
				920384701D36F89400E90723 /* Release */,
			);
			defaultConfigurationIsVisible = 0;
			defaultConfigurationName = Release;
		};
/* End XCConfigurationList section */
	};
	rootObject = 920384541D36F89400E90723 /* Project object */;
}
